
Microsoft Visual Studio Solution File, Format Version 12.00
# Visual Studio Version 17
VisualStudioVersion = 17.2.32616.157
MinimumVisualStudioVersion = 10.0.40219.1
Project("{FAE04EC0-301F-11D3-BF4B-00C04F79EFBC}") = "FasahnyBackEnd", "FasahnyBackEnd\FasahnyBackEnd.csproj", "{2E0B13B4-7D8F-4766-89CF-D9A272458C91}"
EndProject
Global
	GlobalSection(SolutionConfigurationPlatforms) = preSolution
		Debug|Any CPU = Debug|Any CPU
		Release|Any CPU = Release|Any CPU
	EndGlobalSection
	GlobalSection(ProjectConfigurationPlatforms) = postSolution
		{2E0B13B4-7D8F-4766-89CF-D9A272458C91}.Debug|Any CPU.ActiveCfg = Debug|Any CPU
		{2E0B13B4-7D8F-4766-89CF-D9A272458C91}.Debug|Any CPU.Build.0 = Debug|Any CPU
		{2E0B13B4-7D8F-4766-89CF-D9A272458C91}.Release|Any CPU.ActiveCfg = Release|Any CPU
		{2E0B13B4-7D8F-4766-89CF-D9A272458C91}.Release|Any CPU.Build.0 = Release|Any CPU
	EndGlobalSection
	GlobalSection(SolutionProperties) = preSolution
		HideSolutionNode = FALSE
	EndGlobalSection
	GlobalSection(ExtensibilityGlobals) = postSolution
		SolutionGuid = {DE0468AE-B761-40C7-A269-D2D1DD14913E}
	EndGlobalSection
EndGlobal
